{
  "name": "weather-web-app",
  "lockfileVersion": 3,
  "requires": true,
  "packages": {
    "": {
      "dependencies": {
        "javascript": "^1.0.0"
      }
    },
    "node_modules/javascript": {
      "version": "1.0.0",
      "resolved": "https://registry.npmjs.org/javascript/-/javascript-1.0.0.tgz",
      "integrity": "sha512-PnTGALRCw+1vqPQj5iE1xxZnEOPraSjIZ9LEZGjqP9I9iyjgRAXN7FYLDgPqZi7PhZxb3oLyYTJBttQpGCrMtg==",
      "deprecated": "Package no longer supported. Contact support@npmjs.com for more info."
    }
  }
}
